// !$*UTF8*$!
{
	archiveVersion = 1;
	classes = {
	};
	objectVersion = 77;
	objects = {

/* Begin PBXContainerItemProxy section */
		16AC1C582DE73A630023E55F /* PBXContainerItemProxy */ = {
			isa = PBXContainerItemProxy;
			containerPortal = 16AC1C392DE73A610023E55F /* Project object */;
			proxyType = 1;
			remoteGlobalIDString = 16AC1C402DE73A610023E55F;
			remoteInfo = MenthalHealthJournal;
		};
		16AC1C622DE73A630023E55F /* PBXContainerItemProxy */ = {
			isa = PBXContainerItemProxy;
			containerPortal = 16AC1C392DE73A610023E55F /* Project object */;
			proxyType = 1;
			remoteGlobalIDString = 16AC1C402DE73A610023E55F;
			remoteInfo = MenthalHealthJournal;
		};
/* End PBXContainerItemProxy section */

/* Begin PBXFileReference section */
		16AC1C412DE73A610023E55F /* MenthalHealthJournal.app */ = {isa = PBXFileReference; explicitFileType = wrapper.application; includeInIndex = 0; path = MenthalHealthJournal.app; sourceTree = BUILT_PRODUCTS_DIR; };
		16AC1C572DE73A630023E55F /* MenthalHealthJournalTests.xctest */ = {isa = PBXFileReference; explicitFileType = wrapper.cfbundle; includeInIndex = 0; path = MenthalHealthJournalTests.xctest; sourceTree = BUILT_PRODUCTS_DIR; };
		16AC1C612DE73A630023E55F /* MenthalHealthJournalUITests.xctest */ = {isa = PBXFileReference; explicitFileType = wrapper.cfbundle; includeInIndex = 0; path = MenthalHealthJournalUITests.xctest; sourceTree = BUILT_PRODUCTS_DIR; };
/* End PBXFileReference section */

/* Begin PBXFileSystemSynchronizedBuildFileExceptionSet section */
		16AC1C692DE73A630023E55F /* Exceptions for "MenthalHealthJournal" folder in "MenthalHealthJournal" target */ = {
			isa = PBXFileSystemSynchronizedBuildFileExceptionSet;
			membershipExceptions = (
				Info.plist,
			);
			target = 16AC1C402DE73A610023E55F /* MenthalHealthJournal */;
		};
/* End PBXFileSystemSynchronizedBuildFileExceptionSet section */

/* Begin PBXFileSystemSynchronizedRootGroup section */
		16AC1C432DE73A610023E55F /* MenthalHealthJournal */ = {
			isa = PBXFileSystemSynchronizedRootGroup;
			exceptions = (
				16AC1C692DE73A630023E55F /* Exceptions for "MenthalHealthJournal" folder in "MenthalHealthJournal" target */,
			);
			path = MenthalHealthJournal;
			sourceTree = "<group>";
		};
		16AC1C5A2DE73A630023E55F /* MenthalHealthJournalTests */ = {
			isa = PBXFileSystemSynchronizedRootGroup;
			path = MenthalHealthJournalTests;
			sourceTree = "<group>";
		};
		16AC1C642DE73A630023E55F /* MenthalHealthJournalUITests */ = {
			isa = PBXFileSystemSynchronizedRootGroup;
			path = MenthalHealthJournalUITests;
			sourceTree = "<group>";
		};
/* End PBXFileSystemSynchronizedRootGroup section */

/* Begin PBXFrameworksBuildPhase section */
		16AC1C3E2DE73A610023E55F /* Frameworks */ = {
			isa = PBXFrameworksBuildPhase;
			buildActionMask = 2147483647;
			files = (
			);
			runOnlyForDeploymentPostprocessing = 0;
		};
		16AC1C542DE73A630023E55F /* Frameworks */ = {
			isa = PBXFrameworksBuildPhase;
			buildActionMask = 2147483647;
			files = (
			);
			runOnlyForDeploymentPostprocessing = 0;
		};
		16AC1C5E2DE73A630023E55F /* Frameworks */ = {
			isa = PBXFrameworksBuildPhase;
			buildActionMask = 2147483647;
			files = (
			);
			runOnlyForDeploymentPostprocessing = 0;
		};
/* End PBXFrameworksBuildPhase section */

/* Begin PBXGroup section */
		16AC1C382DE73A610023E55F = {
			isa = PBXGroup;
			children = (
				16AC1C432DE73A610023E55F /* MenthalHealthJournal */,
				16AC1C5A2DE73A630023E55F /* MenthalHealthJournalTests */,
				16AC1C642DE73A630023E55F /* MenthalHealthJournalUITests */,
				16AC1C422DE73A610023E55F /* Products */,
			);
			sourceTree = "<group>";
		};
		16AC1C422DE73A610023E55F /* Products */ = {
			isa = PBXGroup;
			children = (
				16AC1C412DE73A610023E55F /* MenthalHealthJournal.app */,
				16AC1C572DE73A630023E55F /* MenthalHealthJournalTests.xctest */,
				16AC1C612DE73A630023E55F /* MenthalHealthJournalUITests.xctest */,
			);
			name = Products;
			sourceTree = "<group>";
		};
/* End PBXGroup section */

/* Begin PBXNativeTarget section */
		16AC1C402DE73A610023E55F /* MenthalHealthJournal */ = {
			isa = PBXNativeTarget;
			buildConfigurationList = 16AC1C6A2DE73A630023E55F /* Build configuration list for PBXNativeTarget "MenthalHealthJournal" */;
			buildPhases = (
				16AC1C3D2DE73A610023E55F /* Sources */,
				16AC1C3E2DE73A610023E55F /* Frameworks */,
				16AC1C3F2DE73A610023E55F /* Resources */,
			);
			buildRules = (
			);
			dependencies = (
			);
			fileSystemSynchronizedGroups = (
				16AC1C432DE73A610023E55F /* MenthalHealthJournal */,
			);
			name = MenthalHealthJournal;
			packageProductDependencies = (
			);
			productName = MenthalHealthJournal;
			productReference = 16AC1C412DE73A610023E55F /* MenthalHealthJournal.app */;
			productType = "com.apple.product-type.application";
		};
		16AC1C562DE73A630023E55F /* MenthalHealthJournalTests */ = {
			isa = PBXNativeTarget;
			buildConfigurationList = 16AC1C6F2DE73A630023E55F /* Build configuration list for PBXNativeTarget "MenthalHealthJournalTests" */;
			buildPhases = (
				16AC1C532DE73A630023E55F /* Sources */,
				16AC1C542DE73A630023E55F /* Frameworks */,
				16AC1C552DE73A630023E55F /* Resources */,
			);
			buildRules = (
			);
			dependencies = (
				16AC1C592DE73A630023E55F /* PBXTargetDependency */,
			);
			fileSystemSynchronizedGroups = (
				16AC1C5A2DE73A630023E55F /* MenthalHealthJournalTests */,
			);
			name = MenthalHealthJournalTests;
			packageProductDependencies = (
			);
			productName = MenthalHealthJournalTests;
			productReference = 16AC1C572DE73A630023E55F /* MenthalHealthJournalTests.xctest */;
			productType = "com.apple.product-type.bundle.unit-test";
		};
		16AC1C602DE73A630023E55F /* MenthalHealthJournalUITests */ = {
			isa = PBXNativeTarget;
			buildConfigurationList = 16AC1C722DE73A630023E55F /* Build configuration list for PBXNativeTarget "MenthalHealthJournalUITests" */;
			buildPhases = (
				16AC1C5D2DE73A630023E55F /* Sources */,
				16AC1C5E2DE73A630023E55F /* Frameworks */,
				16AC1C5F2DE73A630023E55F /* Resources */,
			);
			buildRules = (
			);
			dependencies = (
				16AC1C632DE73A630023E55F /* PBXTargetDependency */,
			);
			fileSystemSynchronizedGroups = (
				16AC1C642DE73A630023E55F /* MenthalHealthJournalUITests */,
			);
			name = MenthalHealthJournalUITests;
			packageProductDependencies = (
			);
			productName = MenthalHealthJournalUITests;
			productReference = 16AC1C612DE73A630023E55F /* MenthalHealthJournalUITests.xctest */;
			productType = "com.apple.product-type.bundle.ui-testing";
		};
/* End PBXNativeTarget section */

/* Begin PBXProject section */
		16AC1C392DE73A610023E55F /* Project object */ = {
			isa = PBXProject;
			attributes = {
				BuildIndependentTargetsInParallel = 1;
				LastSwiftUpdateCheck = 1620;
				LastUpgradeCheck = 1620;
				TargetAttributes = {
					16AC1C402DE73A610023E55F = {
						CreatedOnToolsVersion = 16.2;
					};
					16AC1C562DE73A630023E55F = {
						CreatedOnToolsVersion = 16.2;
						TestTargetID = 16AC1C402DE73A610023E55F;
					};
					16AC1C602DE73A630023E55F = {
						CreatedOnToolsVersion = 16.2;
						TestTargetID = 16AC1C402DE73A610023E55F;
					};
				};
			};
			buildConfigurationList = 16AC1C3C2DE73A610023E55F /* Build configuration list for PBXProject "MenthalHealthJournal" */;
			developmentRegion = en;
			hasScannedForEncodings = 0;
			knownRegions = (
				en,
				Base,
			);
			mainGroup = 16AC1C382DE73A610023E55F;
			minimizedProjectReferenceProxies = 1;
			preferredProjectObjectVersion = 77;
			productRefGroup = 16AC1C422DE73A610023E55F /* Products */;
			projectDirPath = "";
			projectRoot = "";
			targets = (
				16AC1C402DE73A610023E55F /* MenthalHealthJournal */,
				16AC1C562DE73A630023E55F /* MenthalHealthJournalTests */,
				16AC1C602DE73A630023E55F /* MenthalHealthJournalUITests */,
			);
		};
/* End PBXProject section */

/* Begin PBXResourcesBuildPhase section */
		16AC1C3F2DE73A610023E55F /* Resources */ = {
			isa = PBXResourcesBuildPhase;
			buildActionMask = 2147483647;
			files = (
			);
			runOnlyForDeploymentPostprocessing = 0;
		};
		16AC1C552DE73A630023E55F /* Resources */ = {
			isa = PBXResourcesBuildPhase;
			buildActionMask = 2147483647;
			files = (
			);
			runOnlyForDeploymentPostprocessing = 0;
		};
		16AC1C5F2DE73A630023E55F /* Resources */ = {
			isa = PBXResourcesBuildPhase;
			buildActionMask = 2147483647;
			files = (
			);
			runOnlyForDeploymentPostprocessing = 0;
		};
/* End PBXResourcesBuildPhase section */

/* Begin PBXSourcesBuildPhase section */
		16AC1C3D2DE73A610023E55F /* Sources */ = {
			isa = PBXSourcesBuildPhase;
			buildActionMask = 2147483647;
			files = (
			);
			runOnlyForDeploymentPostprocessing = 0;
		};
		16AC1C532DE73A630023E55F /* Sources */ = {
			isa = PBXSourcesBuildPhase;
			buildActionMask = 2147483647;
			files = (
			);
			runOnlyForDeploymentPostprocessing = 0;
		};
		16AC1C5D2DE73A630023E55F /* Sources */ = {
			isa = PBXSourcesBuildPhase;
			buildActionMask = 2147483647;
			files = (
			);
			runOnlyForDeploymentPostprocessing = 0;
		};
/* End PBXSourcesBuildPhase section */

/* Begin PBXTargetDependency section */
		16AC1C592DE73A630023E55F /* PBXTargetDependency */ = {
			isa = PBXTargetDependency;
			target = 16AC1C402DE73A610023E55F /* MenthalHealthJournal */;
			targetProxy = 16AC1C582DE73A630023E55F /* PBXContainerItemProxy */;
		};
		16AC1C632DE73A630023E55F /* PBXTargetDependency */ = {
			isa = PBXTargetDependency;
			target = 16AC1C402DE73A610023E55F /* MenthalHealthJournal */;
			targetProxy = 16AC1C622DE73A630023E55F /* PBXContainerItemProxy */;
		};
/* End PBXTargetDependency section */

/* Begin XCBuildConfiguration section */
		16AC1C6B2DE73A630023E55F /* Debug */ = {
			isa = XCBuildConfiguration;
			buildSettings = {
				ASSETCATALOG_COMPILER_APPICON_NAME = AppIcon;
				ASSETCATALOG_COMPILER_GLOBAL_ACCENT_COLOR_NAME = AccentColor;
				CODE_SIGN_STYLE = Automatic;
				CURRENT_PROJECT_VERSION = 1;
				DEVELOPMENT_TEAM = 6G9FRA7A53;
				GENERATE_INFOPLIST_FILE = YES;
				INFOPLIST_FILE = MenthalHealthJournal/Info.plist;
				INFOPLIST_KEY_LSApplicationCategoryType = "public.app-category.education";
				INFOPLIST_KEY_UIApplicationSupportsIndirectInputEvents = YES;
				INFOPLIST_KEY_UILaunchStoryboardName = LaunchScreen.storyboard;
				INFOPLIST_KEY_UIStatusBarStyle = "";
				INFOPLIST_KEY_UISupportedInterfaceOrientations = "UIInterfaceOrientationLandscapeLeft UIInterfaceOrientationLandscapeRight UIInterfaceOrientationPortrait";
				INFOPLIST_KEY_UISupportedInterfaceOrientations_iPad = "UIInterfaceOrientationLandscapeLeft UIInterfaceOrientationLandscapeRight UIInterfaceOrientationPortrait UIInterfaceOrientationPortraitUpsideDown";
				INFOPLIST_KEY_UIUserInterfaceStyle = Light;
				IPHONEOS_DEPLOYMENT_TARGET = 16.6;
				LD_RUNPATH_SEARCH_PATHS = (
					"$(inherited)",
					"@executable_path/Frameworks",
				);
				MARKETING_VERSION = 1.0;
				PRODUCT_BUNDLE_IDENTIFIER = this.MenthalHealthJournal;
				PRODUCT_NAME = "$(TARGET_NAME)";
				SWIFT_EMIT_LOC_STRINGS = YES;
				SWIFT_VERSION = 5.0;
				TARGETED_DEVICE_FAMILY = "1,2";
			};
			name = Debug;
		};
		16AC1C6C2DE73A630023E55F /* Release */ = {
			isa = XCBuildConfiguration;
			buildSettings = {
				ASSETCATALOG_COMPILER_APPICON_NAME = AppIcon;
				ASSETCATALOG_COMPILER_GLOBAL_ACCENT_COLOR_NAME = AccentColor;
				CODE_SIGN_STYLE = Automatic;
				CURRENT_PROJECT_VERSION = 1;
				DEVELOPMENT_TEAM = 6G9FRA7A53;
				GENERATE_INFOPLIST_FILE = YES;
				INFOPLIST_FILE = MenthalHealthJournal/Info.plist;
				INFOPLIST_KEY_LSApplicationCategoryType = "public.app-category.education";
				INFOPLIST_KEY_UIApplicationSupportsIndirectInputEvents = YES;
				INFOPLIST_KEY_UILaunchStoryboardName = LaunchScreen.storyboard;
				INFOPLIST_KEY_UIStatusBarStyle = "";
				INFOPLIST_KEY_UISupportedInterfaceOrientations = "UIInterfaceOrientationLandscapeLeft UIInterfaceOrientationLandscapeRight UIInterfaceOrientationPortrait";
				INFOPLIST_KEY_UISupportedInterfaceOrientations_iPad = "UIInterfaceOrientationLandscapeLeft UIInterfaceOrientationLandscapeRight UIInterfaceOrientationPortrait UIInterfaceOrientationPortraitUpsideDown";
				INFOPLIST_KEY_UIUserInterfaceStyle = Light;
				IPHONEOS_DEPLOYMENT_TARGET = 16.6;
				LD_RUNPATH_SEARCH_PATHS = (
					"$(inherited)",
					"@executable_path/Frameworks",
				);
				MARKETING_VERSION = 1.0;
				PRODUCT_BUNDLE_IDENTIFIER = this.MenthalHealthJournal;
				PRODUCT_NAME = "$(TARGET_NAME)";
				SWIFT_EMIT_LOC_STRINGS = YES;
				SWIFT_VERSION = 5.0;
				TARGETED_DEVICE_FAMILY = "1,2";
			};
			name = Release;
		};
		16AC1C6D2DE73A630023E55F /* Debug */ = {
			isa = XCBuildConfiguration;
			buildSettings = {
				ALWAYS_SEARCH_USER_PATHS = NO;
				ASSETCATALOG_COMPILER_GENERATE_SWIFT_ASSET_SYMBOL_EXTENSIONS = YES;
				CLANG_ANALYZER_NONNULL = YES;
				CLANG_ANALYZER_NUMBER_OBJECT_CONVERSION = YES_AGGRESSIVE;
				CLANG_CXX_LANGUAGE_STANDARD = "gnu++20";
				CLANG_ENABLE_MODULES = YES;
				CLANG_ENABLE_OBJC_ARC = YES;
				CLANG_ENABLE_OBJC_WEAK = YES;
				CLANG_WARN_BLOCK_CAPTURE_AUTORELEASING = YES;
				CLANG_WARN_BOOL_CONVERSION = YES;
				CLANG_WARN_COMMA = YES;
				CLANG_WARN_CONSTANT_CONVERSION = YES;
				CLANG_WARN_DEPRECATED_OBJC_IMPLEMENTATIONS = YES;
				CLANG_WARN_DIRECT_OBJC_ISA_USAGE = YES_ERROR;
				CLANG_WARN_DOCUMENTATION_COMMENTS = YES;
				CLANG_WARN_EMPTY_BODY = YES;
				CLANG_WARN_ENUM_CONVERSION = YES;
				CLANG_WARN_INFINITE_RECURSION = YES;
				CLANG_WARN_INT_CONVERSION = YES;
				CLANG_WARN_NON_LITERAL_NULL_CONVERSION = YES;
				CLANG_WARN_OBJC_IMPLICIT_RETAIN_SELF = YES;
				CLANG_WARN_OBJC_LITERAL_CONVERSION = YES;
				CLANG_WARN_OBJC_ROOT_CLASS = YES_ERROR;
				CLANG_WARN_QUOTED_INCLUDE_IN_FRAMEWORK_HEADER = YES;
				CLANG_WARN_RANGE_LOOP_ANALYSIS = YES;
				CLANG_WARN_STRICT_PROTOTYPES = YES;
				CLANG_WARN_SUSPICIOUS_MOVE = YES;
				CLANG_WARN_UNGUARDED_AVAILABILITY = YES_AGGRESSIVE;
				CLANG_WARN_UNREACHABLE_CODE = YES;
				CLANG_WARN__DUPLICATE_METHOD_MATCH = YES;
				COPY_PHASE_STRIP = NO;
				DEBUG_INFORMATION_FORMAT = dwarf;
				ENABLE_STRICT_OBJC_MSGSEND = YES;
				ENABLE_TESTABILITY = YES;
				ENABLE_USER_SCRIPT_SANDBOXING = YES;
				GCC_C_LANGUAGE_STANDARD = gnu17;
				GCC_DYNAMIC_NO_PIC = NO;
				GCC_NO_COMMON_BLOCKS = YES;
				GCC_OPTIMIZATION_LEVEL = 0;
				GCC_PREPROCESSOR_DEFINITIONS = (
					"DEBUG=1",
					"$(inherited)",
				);
				GCC_WARN_64_TO_32_BIT_CONVERSION = YES;
				GCC_WARN_ABOUT_RETURN_TYPE = YES_ERROR;
				GCC_WARN_UNDECLARED_SELECTOR = YES;
				GCC_WARN_UNINITIALIZED_AUTOS = YES_AGGRESSIVE;
				GCC_WARN_UNUSED_FUNCTION = YES;
				GCC_WARN_UNUSED_VARIABLE = YES;
				IPHONEOS_DEPLOYMENT_TARGET = 18.2;
				LOCALIZATION_PREFERS_STRING_CATALOGS = YES;
				MTL_ENABLE_DEBUG_INFO = INCLUDE_SOURCE;
				MTL_FAST_MATH = YES;
				ONLY_ACTIVE_ARCH = YES;
				SDKROOT = iphoneos;
				SWIFT_ACTIVE_COMPILATION_CONDITIONS = "DEBUG $(inherited)";
				SWIFT_OPTIMIZATION_LEVEL = "-Onone";
			};
			name = Debug;
		};
		16AC1C6E2DE73A630023E55F /* Release */ = {
			isa = XCBuildConfiguration;
			buildSettings = {
				ALWAYS_SEARCH_USER_PATHS = NO;
				ASSETCATALOG_COMPILER_GENERATE_SWIFT_ASSET_SYMBOL_EXTENSIONS = YES;
				CLANG_ANALYZER_NONNULL = YES;
				CLANG_ANALYZER_NUMBER_OBJECT_CONVERSION = YES_AGGRESSIVE;
				CLANG_CXX_LANGUAGE_STANDARD = "gnu++20";
				CLANG_ENABLE_MODULES = YES;
				CLANG_ENABLE_OBJC_ARC = YES;
				CLANG_ENABLE_OBJC_WEAK = YES;
				CLANG_WARN_BLOCK_CAPTURE_AUTORELEASING = YES;
				CLANG_WARN_BOOL_CONVERSION = YES;
				CLANG_WARN_COMMA = YES;
				CLANG_WARN_CONSTANT_CONVERSION = YES;
				CLANG_WARN_DEPRECATED_OBJC_IMPLEMENTATIONS = YES;
				CLANG_WARN_DIRECT_OBJC_ISA_USAGE = YES_ERROR;
				CLANG_WARN_DOCUMENTATION_COMMENTS = YES;
				CLANG_WARN_EMPTY_BODY = YES;
				CLANG_WARN_ENUM_CONVERSION = YES;
				CLANG_WARN_INFINITE_RECURSION = YES;
				CLANG_WARN_INT_CONVERSION = YES;
				CLANG_WARN_NON_LITERAL_NULL_CONVERSION = YES;
				CLANG_WARN_OBJC_IMPLICIT_RETAIN_SELF = YES;
				CLANG_WARN_OBJC_LITERAL_CONVERSION = YES;
				CLANG_WARN_OBJC_ROOT_CLASS = YES_ERROR;
				CLANG_WARN_QUOTED_INCLUDE_IN_FRAMEWORK_HEADER = YES;
				CLANG_WARN_RANGE_LOOP_ANALYSIS = YES;
				CLANG_WARN_STRICT_PROTOTYPES = YES;
				CLANG_WARN_SUSPICIOUS_MOVE = YES;
				CLANG_WARN_UNGUARDED_AVAILABILITY = YES_AGGRESSIVE;
				CLANG_WARN_UNREACHABLE_CODE = YES;
				CLANG_WARN__DUPLICATE_METHOD_MATCH = YES;
				COPY_PHASE_STRIP = NO;
				DEBUG_INFORMATION_FORMAT = "dwarf-with-dsym";
				ENABLE_NS_ASSERTIONS = NO;
				ENABLE_STRICT_OBJC_MSGSEND = YES;
				ENABLE_USER_SCRIPT_SANDBOXING = YES;
				GCC_C_LANGUAGE_STANDARD = gnu17;
				GCC_NO_COMMON_BLOCKS = YES;
				GCC_WARN_64_TO_32_BIT_CONVERSION = YES;
				GCC_WARN_ABOUT_RETURN_TYPE = YES_ERROR;
				GCC_WARN_UNDECLARED_SELECTOR = YES;
				GCC_WARN_UNINITIALIZED_AUTOS = YES_AGGRESSIVE;
				GCC_WARN_UNUSED_FUNCTION = YES;
				GCC_WARN_UNUSED_VARIABLE = YES;
				IPHONEOS_DEPLOYMENT_TARGET = 18.2;
				LOCALIZATION_PREFERS_STRING_CATALOGS = YES;
				MTL_ENABLE_DEBUG_INFO = NO;
				MTL_FAST_MATH = YES;
				SDKROOT = iphoneos;
				SWIFT_COMPILATION_MODE = wholemodule;
				VALIDATE_PRODUCT = YES;
			};
			name = Release;
		};
		16AC1C702DE73A630023E55F /* Debug */ = {
			isa = XCBuildConfiguration;
			buildSettings = {
				BUNDLE_LOADER = "$(TEST_HOST)";
				CODE_SIGN_STYLE = Automatic;
				CURRENT_PROJECT_VERSION = 1;
				GENERATE_INFOPLIST_FILE = YES;
				IPHONEOS_DEPLOYMENT_TARGET = 18.2;
				MARKETING_VERSION = 1.0;
				PRODUCT_BUNDLE_IDENTIFIER = this.MenthalHealthJournalTests;
				PRODUCT_NAME = "$(TARGET_NAME)";
				SWIFT_EMIT_LOC_STRINGS = NO;
				SWIFT_VERSION = 5.0;
				TARGETED_DEVICE_FAMILY = "1,2";
				TEST_HOST = "$(BUILT_PRODUCTS_DIR)/MenthalHealthJournal.app/$(BUNDLE_EXECUTABLE_FOLDER_PATH)/MenthalHealthJournal";
			};
			name = Debug;
		};
		16AC1C712DE73A630023E55F /* Release */ = {
			isa = XCBuildConfiguration;
			buildSettings = {
				BUNDLE_LOADER = "$(TEST_HOST)";
				CODE_SIGN_STYLE = Automatic;
				CURRENT_PROJECT_VERSION = 1;
				GENERATE_INFOPLIST_FILE = YES;
				IPHONEOS_DEPLOYMENT_TARGET = 18.2;
				MARKETING_VERSION = 1.0;
				PRODUCT_BUNDLE_IDENTIFIER = this.MenthalHealthJournalTests;
				PRODUCT_NAME = "$(TARGET_NAME)";
				SWIFT_EMIT_LOC_STRINGS = NO;
				SWIFT_VERSION = 5.0;
				TARGETED_DEVICE_FAMILY = "1,2";
				TEST_HOST = "$(BUILT_PRODUCTS_DIR)/MenthalHealthJournal.app/$(BUNDLE_EXECUTABLE_FOLDER_PATH)/MenthalHealthJournal";
			};
			name = Release;
		};
		16AC1C732DE73A630023E55F /* Debug */ = {
			isa = XCBuildConfiguration;
			buildSettings = {
				CODE_SIGN_STYLE = Automatic;
				CURRENT_PROJECT_VERSION = 1;
				GENERATE_INFOPLIST_FILE = YES;
				MARKETING_VERSION = 1.0;
				PRODUCT_BUNDLE_IDENTIFIER = this.MenthalHealthJournalUITests;
				PRODUCT_NAME = "$(TARGET_NAME)";
				SWIFT_EMIT_LOC_STRINGS = NO;
				SWIFT_VERSION = 5.0;
				TARGETED_DEVICE_FAMILY = "1,2";
				TEST_TARGET_NAME = MenthalHealthJournal;
			};
			name = Debug;
		};
		16AC1C742DE73A630023E55F /* Release */ = {
			isa = XCBuildConfiguration;
			buildSettings = {
				CODE_SIGN_STYLE = Automatic;
				CURRENT_PROJECT_VERSION = 1;
				GENERATE_INFOPLIST_FILE = YES;
				MARKETING_VERSION = 1.0;
				PRODUCT_BUNDLE_IDENTIFIER = this.MenthalHealthJournalUITests;
				PRODUCT_NAME = "$(TARGET_NAME)";
				SWIFT_EMIT_LOC_STRINGS = NO;
				SWIFT_VERSION = 5.0;
				TARGETED_DEVICE_FAMILY = "1,2";
				TEST_TARGET_NAME = MenthalHealthJournal;
			};
			name = Release;
		};
/* End XCBuildConfiguration section */

/* Begin XCConfigurationList section */
		16AC1C3C2DE73A610023E55F /* Build configuration list for PBXProject "MenthalHealthJournal" */ = {
			isa = XCConfigurationList;
			buildConfigurations = (
				16AC1C6D2DE73A630023E55F /* Debug */,
				16AC1C6E2DE73A630023E55F /* Release */,
			);
			defaultConfigurationIsVisible = 0;
			defaultConfigurationName = Release;
		};
		16AC1C6A2DE73A630023E55F /* Build configuration list for PBXNativeTarget "MenthalHealthJournal" */ = {
			isa = XCConfigurationList;
			buildConfigurations = (
				16AC1C6B2DE73A630023E55F /* Debug */,
				16AC1C6C2DE73A630023E55F /* Release */,
			);
			defaultConfigurationIsVisible = 0;
			defaultConfigurationName = Release;
		};
		16AC1C6F2DE73A630023E55F /* Build configuration list for PBXNativeTarget "MenthalHealthJournalTests" */ = {
			isa = XCConfigurationList;
			buildConfigurations = (
				16AC1C702DE73A630023E55F /* Debug */,
				16AC1C712DE73A630023E55F /* Release */,
			);
			defaultConfigurationIsVisible = 0;
			defaultConfigurationName = Release;
		};
		16AC1C722DE73A630023E55F /* Build configuration list for PBXNativeTarget "MenthalHealthJournalUITests" */ = {
			isa = XCConfigurationList;
			buildConfigurations = (
				16AC1C732DE73A630023E55F /* Debug */,
				16AC1C742DE73A630023E55F /* Release */,
			);
			defaultConfigurationIsVisible = 0;
			defaultConfigurationName = Release;
		};
/* End XCConfigurationList section */
	};
	rootObject = 16AC1C392DE73A610023E55F /* Project object */;
}
